
Microsoft Visual Studio Solution File, Format Version 12.00
# Visual Studio Version 17
VisualStudioVersion = 17.9.34902.65
MinimumVisualStudioVersion = 10.0.40219.1
Project("{9A19103F-16F7-4668-BE54-9A1E7A4F7556}") = "NJEGAMF25_1_fordulo", "NJEGAMF25_1_fordulo\NJEGAMF25_1_fordulo.csproj", "{99AE32C0-F64E-4F66-A08D-9ACE95F78D8F}"
EndProject
Project("{FAE04EC0-301F-11D3-BF4B-00C04F79EFBC}") = "NJEGAMF25_2_fordulo", "NJEGAMF25_2_fordulo\NJEGAMF25_2_fordulo.csproj", "{D781A2F9-4CE6-4FAC-A54A-F9A88093FC9B}"
EndProject
Project("{FAE04EC0-301F-11D3-BF4B-00C04F79EFBC}") = "NJEGAMF25_3_fordulo", "NJEGAMF25_3_fordulo\NJEGAMF25_3_fordulo.csproj", "{93792F50-8A53-4F90-BC00-66B935A1ACB1}"
EndProject
Global
	GlobalSection(SolutionConfigurationPlatforms) = preSolution
		Debug|Any CPU = Debug|Any CPU
		Release|Any CPU = Release|Any CPU
	EndGlobalSection
	GlobalSection(ProjectConfigurationPlatforms) = postSolution
		{99AE32C0-F64E-4F66-A08D-9ACE95F78D8F}.Debug|Any CPU.ActiveCfg = Debug|Any CPU
		{99AE32C0-F64E-4F66-A08D-9ACE95F78D8F}.Debug|Any CPU.Build.0 = Debug|Any CPU
		{99AE32C0-F64E-4F66-A08D-9ACE95F78D8F}.Release|Any CPU.ActiveCfg = Release|Any CPU
		{99AE32C0-F64E-4F66-A08D-9ACE95F78D8F}.Release|Any CPU.Build.0 = Release|Any CPU
		{D781A2F9-4CE6-4FAC-A54A-F9A88093FC9B}.Debug|Any CPU.ActiveCfg = Debug|Any CPU
		{D781A2F9-4CE6-4FAC-A54A-F9A88093FC9B}.Debug|Any CPU.Build.0 = Debug|Any CPU
		{D781A2F9-4CE6-4FAC-A54A-F9A88093FC9B}.Release|Any CPU.ActiveCfg = Release|Any CPU
		{D781A2F9-4CE6-4FAC-A54A-F9A88093FC9B}.Release|Any CPU.Build.0 = Release|Any CPU
		{93792F50-8A53-4F90-BC00-66B935A1ACB1}.Debug|Any CPU.ActiveCfg = Debug|Any CPU
		{93792F50-8A53-4F90-BC00-66B935A1ACB1}.Debug|Any CPU.Build.0 = Debug|Any CPU
		{93792F50-8A53-4F90-BC00-66B935A1ACB1}.Release|Any CPU.ActiveCfg = Release|Any CPU
		{93792F50-8A53-4F90-BC00-66B935A1ACB1}.Release|Any CPU.Build.0 = Release|Any CPU
	EndGlobalSection
	GlobalSection(SolutionProperties) = preSolution
		HideSolutionNode = FALSE
	EndGlobalSection
	GlobalSection(ExtensibilityGlobals) = postSolution
		SolutionGuid = {857B5BF6-530F-4E99-9220-A82948BD81AD}
	EndGlobalSection
EndGlobal
